schema: '2.0'
stages:
  load_data:
    cmd: python src/load_data.py --config=params.yaml
    deps:
    - path: data_given/winequality.csv
      hash: md5
      md5: d1088fe0cd8f22710ec202dcf4d9ba97
      size: 390376
    - path: src/get_data.py
      hash: md5
      md5: 8fd3db103e3a52fa634e3de9ebf30a20
      size: 651
    - path: src/load_data.py
      hash: md5
      md5: a111d8148bd08ad2a933e129c201f18a
      size: 635
    outs:
    - path: data/raw/winequality.csv
      hash: md5
      md5: 3828b64bb302d42491d5d0952ebb0416
      size: 414690
  split_data:
    cmd: python src/split_data.py --config=params.yaml
    deps:
    - path: data_given/winequality.csv
      hash: md5
      md5: d1088fe0cd8f22710ec202dcf4d9ba97
      size: 390376
    - path: src/get_data.py
      hash: md5
      md5: 8fd3db103e3a52fa634e3de9ebf30a20
      size: 651
    - path: src/load_data.py
      hash: md5
      md5: a111d8148bd08ad2a933e129c201f18a
      size: 635
    outs:
    - path: data/processed/test_winequality.csv
      hash: md5
      md5: d30b320d920545a0b78dbd3e5eb603e6
      size: 83080
    - path: data/processed/train_winequality.csv
      hash: md5
      md5: 7d65d403db2db48c3054888a66a47fa3
      size: 331761
